
Microsoft Visual Studio Solution File, Format Version 12.00
# Visual Studio Version 17
VisualStudioVersion = 17.13.35825.156 d17.13
MinimumVisualStudioVersion = 10.0.40219.1
Project("{FAE04EC0-301F-11D3-BF4B-00C04F79EFBC}") = "WebApplication1", "WebApplication1\WebApplication1.csproj", "{05012200-05AC-48F0-9FE1-A970D18043EB}"
EndProject
Global
	GlobalSection(SolutionConfigurationPlatforms) = preSolution
		Debug|Any CPU = Debug|Any CPU
		Release|Any CPU = Release|Any CPU
	EndGlobalSection
	GlobalSection(ProjectConfigurationPlatforms) = postSolution
		{05012200-05AC-48F0-9FE1-A970D18043EB}.Debug|Any CPU.ActiveCfg = Debug|Any CPU
		{05012200-05AC-48F0-9FE1-A970D18043EB}.Debug|Any CPU.Build.0 = Debug|Any CPU
		{05012200-05AC-48F0-9FE1-A970D18043EB}.Release|Any CPU.ActiveCfg = Release|Any CPU
		{05012200-05AC-48F0-9FE1-A970D18043EB}.Release|Any CPU.Build.0 = Release|Any CPU
	EndGlobalSection
	GlobalSection(SolutionProperties) = preSolution
		HideSolutionNode = FALSE
	EndGlobalSection
	GlobalSection(ExtensibilityGlobals) = postSolution
		SolutionGuid = {1D5DF3BA-7FC4-480C-89FF-CD2ED0E0EA3D}
	EndGlobalSection
EndGlobal
